# This file is automatically @generated by Cargo.
# It is not intended for manual editing.
[[package]]
name = "anyhow"
version = "1.0.38"
source = "registry+https://github.com/rust-lang/crates.io-index"
checksum = "afddf7f520a80dbf76e6f50a35bca42a2331ef227a28b3b6dc5c2e2338d114b1"

[[package]]
name = "async-trait"
version = "0.1.42"
source = "registry+https://github.com/rust-lang/crates.io-index"
checksum = "8d3a45e77e34375a7923b1e8febb049bb011f064714a8e17a1a616fef01da13d"
dependencies = [
 "proc-macro2",
 "quote",
 "syn",
]

[[package]]
name = "autocfg"
version = "1.0.1"
source = "registry+https://github.com/rust-lang/crates.io-index"
checksum = "cdb031dd78e28731d87d56cc8ffef4a8f36ca26c38fe2de700543e627f8a464a"

[[package]]
name = "bitflags"
version = "1.2.1"
source = "registry+https://github.com/rust-lang/crates.io-index"
checksum = "cf1de2fe8c75bc145a2f577add951f8134889b4795d47466a54a5c846d691693"

[[package]]
name = "byteorder"
version = "1.4.2"
source = "registry+https://github.com/rust-lang/crates.io-index"
checksum = "ae44d1a3d5a19df61dd0c8beb138458ac2a53a7ac09eba97d55592540004306b"

[[package]]
name = "bytes"
version = "0.4.12"
source = "registry+https://github.com/rust-lang/crates.io-index"
checksum = "206fdffcfa2df7cbe15601ef46c813fce0965eb3286db6b56c583b814b51c81c"
dependencies = [
 "byteorder",
 "iovec",
]

[[package]]
name = "bytes"
version = "0.5.6"
source = "registry+https://github.com/rust-lang/crates.io-index"
checksum = "0e4cec68f03f32e44924783795810fa50a7035d8c8ebe78580ad7e6c703fba38"

[[package]]
name = "cfg-if"
version = "0.1.10"
source = "registry+https://github.com/rust-lang/crates.io-index"
checksum = "4785bdd1c96b2a846b2bd7cc02e86b6b3dbf14e7e53446c4f54c92a361040822"

[[package]]
name = "cfg-if"
version = "1.0.0"
source = "registry+https://github.com/rust-lang/crates.io-index"
checksum = "baf1de4339761588bc0619e3cbc0120ee582ebb74b53b4efbf79117bd2da40fd"

[[package]]
name = "chrono"
version = "0.4.19"
source = "registry+https://github.com/rust-lang/crates.io-index"
checksum = "670ad68c9088c2a963aaa298cb369688cf3f9465ce5e2d4ca10e6e0098a1ce73"
dependencies = [
 "libc",
 "num-integer",
 "num-traits",
 "time",
 "winapi 0.3.9",
]

[[package]]
name = "dirs-next"
version = "2.0.0"
source = "registry+https://github.com/rust-lang/crates.io-index"
checksum = "b98cf8ebf19c3d1b223e151f99a4f9f0690dca41414773390fc824184ac833e1"
dependencies = [
 "cfg-if 1.0.0",
 "dirs-sys-next",
]

[[package]]
name = "dirs-sys-next"
version = "0.1.2"
source = "registry+https://github.com/rust-lang/crates.io-index"
checksum = "4ebda144c4fe02d1f7ea1a7d9641b6fc6b580adcfa024ae48797ecdeb6825b4d"
dependencies = [
 "libc",
 "redox_users",
 "winapi 0.3.9",
]

[[package]]
name = "dyn-clone"
version = "1.0.4"
source = "registry+https://github.com/rust-lang/crates.io-index"
checksum = "ee2626afccd7561a06cf1367e2950c4718ea04565e20fb5029b6c7d8ad09abcf"

[[package]]
name = "fnv"
version = "1.0.7"
source = "registry+https://github.com/rust-lang/crates.io-index"
checksum = "3f9eec918d3f24069decb9af1554cad7c880e2da24a9afd88aca000531ab82c1"

[[package]]
name = "fuchsia-zircon"
version = "0.3.3"
source = "registry+https://github.com/rust-lang/crates.io-index"
checksum = "2e9763c69ebaae630ba35f74888db465e49e259ba1bc0eda7d06f4a067615d82"
dependencies = [
 "bitflags",
 "fuchsia-zircon-sys",
]

[[package]]
name = "fuchsia-zircon-sys"
version = "0.3.3"
source = "registry+https://github.com/rust-lang/crates.io-index"
checksum = "3dcaa9ae7725d12cdb85b3ad99a434db70b468c09ded17e012d86b5c1010f7a7"

[[package]]
name = "futures"
version = "0.1.30"
source = "registry+https://github.com/rust-lang/crates.io-index"
checksum = "4c7e4c2612746b0df8fed4ce0c69156021b704c9aefa360311c04e6e9e002eed"

[[package]]
name = "futures"
version = "0.3.12"
source = "registry+https://github.com/rust-lang/crates.io-index"
checksum = "da9052a1a50244d8d5aa9bf55cbc2fb6f357c86cc52e46c62ed390a7180cf150"
dependencies = [
 "futures-channel",
 "futures-core",
 "futures-executor",
 "futures-io",
 "futures-sink",
 "futures-task",
 "futures-util",
]

[[package]]
name = "futures-channel"
version = "0.3.12"
source = "registry+https://github.com/rust-lang/crates.io-index"
checksum = "f2d31b7ec7efab6eefc7c57233bb10b847986139d88cc2f5a02a1ae6871a1846"
dependencies = [
 "futures-core",
 "futures-sink",
]

[[package]]
name = "futures-core"
version = "0.3.12"
source = "registry+https://github.com/rust-lang/crates.io-index"
checksum = "79e5145dde8da7d1b3892dad07a9c98fc04bc39892b1ecc9692cf53e2b780a65"

[[package]]
name = "futures-executor"
version = "0.3.12"
source = "registry+https://github.com/rust-lang/crates.io-index"
checksum = "e9e59fdc009a4b3096bf94f740a0f2424c082521f20a9b08c5c07c48d90fd9b9"
dependencies = [
 "futures-core",
 "futures-task",
 "futures-util",
]

[[package]]
name = "futures-io"
version = "0.3.12"
source = "registry+https://github.com/rust-lang/crates.io-index"
checksum = "28be053525281ad8259d47e4de5de657b25e7bac113458555bb4b70bc6870500"

[[package]]
name = "futures-macro"
version = "0.3.12"
source = "registry+https://github.com/rust-lang/crates.io-index"
checksum = "c287d25add322d9f9abdcdc5927ca398917996600182178774032e9f8258fedd"
dependencies = [
 "proc-macro-hack",
 "proc-macro2",
 "quote",
 "syn",
]

[[package]]
name = "futures-sink"
version = "0.3.12"
source = "registry+https://github.com/rust-lang/crates.io-index"
checksum = "caf5c69029bda2e743fddd0582d1083951d65cc9539aebf8812f36c3491342d6"

[[package]]
name = "futures-task"
version = "0.3.12"
source = "registry+https://github.com/rust-lang/crates.io-index"
checksum = "13de07eb8ea81ae445aca7b69f5f7bf15d7bf4912d8ca37d6645c77ae8a58d86"
dependencies = [
 "once_cell",
]

[[package]]
name = "futures-util"
version = "0.3.12"
source = "registry+https://github.com/rust-lang/crates.io-index"
checksum = "632a8cd0f2a4b3fdea1657f08bde063848c3bd00f9bbf6e256b8be78802e624b"
dependencies = [
 "futures 0.1.30",
 "futures-channel",
 "futures-core",
 "futures-io",
 "futures-macro",
 "futures-sink",
 "futures-task",
 "memchr",
 "pin-project-lite 0.2.4",
 "pin-utils",
 "proc-macro-hack",
 "proc-macro-nested",
 "slab",
 "tokio-io",
]

[[package]]
name = "fuzzy-matcher"
version = "0.3.7"
source = "registry+https://github.com/rust-lang/crates.io-index"
checksum = "54614a3312934d066701a80f20f15fa3b56d67ac7722b39eea5b4c9dd1d66c94"
dependencies = [
 "thread_local",
]

[[package]]
name = "getrandom"
version = "0.2.2"
source = "registry+https://github.com/rust-lang/crates.io-index"
checksum = "c9495705279e7140bf035dde1f6e750c162df8b625267cd52cc44e0b156732c8"
dependencies = [
 "cfg-if 1.0.0",
 "libc",
 "wasi",
]

[[package]]
name = "hermit-abi"
version = "0.1.18"
source = "registry+https://github.com/rust-lang/crates.io-index"
checksum = "322f4de77956e22ed0e5032c359a0f1273f1f7f0d79bfa3b8ffbc730d7fbcc5c"
dependencies = [
 "libc",
]

[[package]]
name = "iovec"
version = "0.1.4"
source = "registry+https://github.com/rust-lang/crates.io-index"
checksum = "b2b3ea6ff95e175473f8ffe6a7eb7c00d054240321b84c57051175fe3c1e075e"
dependencies = [
 "libc",
]

[[package]]
name = "kernel32-sys"
version = "0.2.2"
source = "registry+https://github.com/rust-lang/crates.io-index"
checksum = "7507624b29483431c0ba2d82aece8ca6cdba9382bff4ddd0f7490560c056098d"
dependencies = [
 "winapi 0.2.8",
 "winapi-build",
]

[[package]]
name = "lazy_static"
version = "1.4.0"
source = "registry+https://github.com/rust-lang/crates.io-index"
checksum = "e2abad23fbc42b3700f2f279844dc832adb2b2eb069b2df918f455c4e18cc646"

[[package]]
name = "libc"
version = "0.2.84"
source = "registry+https://github.com/rust-lang/crates.io-index"
checksum = "1cca32fa0182e8c0989459524dc356b8f2b5c10f1b9eb521b7d182c03cf8c5ff"

[[package]]
name = "log"
version = "0.4.14"
source = "registry+https://github.com/rust-lang/crates.io-index"
checksum = "51b9bbe6c47d51fc3e1a9b945965946b4c44142ab8792c50835a980d362c2710"
dependencies = [
 "cfg-if 1.0.0",
]

[[package]]
name = "memchr"
version = "2.3.4"
source = "registry+https://github.com/rust-lang/crates.io-index"
checksum = "0ee1c47aaa256ecabcaea351eae4a9b01ef39ed810004e298d2511ed284b1525"

[[package]]
name = "mio"
version = "0.6.23"
source = "registry+https://github.com/rust-lang/crates.io-index"
checksum = "4afd66f5b91bf2a3bc13fad0e21caedac168ca4c707504e75585648ae80e4cc4"
dependencies = [
 "cfg-if 0.1.10",
 "fuchsia-zircon",
 "fuchsia-zircon-sys",
 "iovec",
 "kernel32-sys",
 "libc",
 "log",
 "miow 0.2.2",
 "net2",
 "slab",
 "winapi 0.2.8",
]

[[package]]
name = "mio-named-pipes"
version = "0.1.7"
source = "registry+https://github.com/rust-lang/crates.io-index"
checksum = "0840c1c50fd55e521b247f949c241c9997709f23bd7f023b9762cd561e935656"
dependencies = [
 "log",
 "mio",
 "miow 0.3.6",
 "winapi 0.3.9",
]

[[package]]
name = "mio-uds"
version = "0.6.8"
source = "registry+https://github.com/rust-lang/crates.io-index"
checksum = "afcb699eb26d4332647cc848492bbc15eafb26f08d0304550d5aa1f612e066f0"
dependencies = [
 "iovec",
 "libc",
 "mio",
]

[[package]]
name = "miow"
version = "0.2.2"
source = "registry+https://github.com/rust-lang/crates.io-index"
checksum = "ebd808424166322d4a38da87083bfddd3ac4c131334ed55856112eb06d46944d"
dependencies = [
 "kernel32-sys",
 "net2",
 "winapi 0.2.8",
 "ws2_32-sys",
]

[[package]]
name = "miow"
version = "0.3.6"
source = "registry+https://github.com/rust-lang/crates.io-index"
checksum = "5a33c1b55807fbed163481b5ba66db4b2fa6cde694a5027be10fb724206c5897"
dependencies = [
 "socket2",
 "winapi 0.3.9",
]

[[package]]
name = "net2"
version = "0.2.37"
source = "registry+https://github.com/rust-lang/crates.io-index"
checksum = "391630d12b68002ae1e25e8f974306474966550ad82dac6886fb8910c19568ae"
dependencies = [
 "cfg-if 0.1.10",
 "libc",
 "winapi 0.3.9",
]

[[package]]
name = "num-integer"
version = "0.1.44"
source = "registry+https://github.com/rust-lang/crates.io-index"
checksum = "d2cc698a63b549a70bc047073d2949cce27cd1c7b0a4a862d08a8031bc2801db"
dependencies = [
 "autocfg",
 "num-traits",
]

[[package]]
name = "num-traits"
version = "0.2.14"
source = "registry+https://github.com/rust-lang/crates.io-index"
checksum = "9a64b1ec5cda2586e284722486d802acf1f7dbdc623e2bfc57e65ca1cd099290"
dependencies = [
 "autocfg",
]

[[package]]
name = "num_cpus"
version = "1.13.0"
source = "registry+https://github.com/rust-lang/crates.io-index"
checksum = "05499f3756671c15885fee9034446956fff3f243d6077b91e5767df161f766b3"
dependencies = [
 "hermit-abi",
 "libc",
]

[[package]]
name = "nvim-rs"
version = "0.2.0"
source = "registry+https://github.com/rust-lang/crates.io-index"
checksum = "fcc76f332d43d6f66f77297b0e22456518686aa26b424db09f49b52c514b8fab"
dependencies = [
 "async-trait",
 "futures 0.3.12",
 "log",
 "pin-project",
 "rmp",
 "rmpv",
 "tokio",
]

[[package]]
name = "once_cell"
version = "1.5.2"
source = "registry+https://github.com/rust-lang/crates.io-index"
checksum = "13bd41f508810a131401606d54ac32a467c97172d74ba7662562ebba5ad07fa0"

[[package]]
name = "pin-project"
version = "0.4.27"
source = "registry+https://github.com/rust-lang/crates.io-index"
checksum = "2ffbc8e94b38ea3d2d8ba92aea2983b503cd75d0888d75b86bb37970b5698e15"
dependencies = [
 "pin-project-internal",
]

[[package]]
name = "pin-project-internal"
version = "0.4.27"
source = "registry+https://github.com/rust-lang/crates.io-index"
checksum = "65ad2ae56b6abe3a1ee25f15ee605bacadb9a764edaba9c2bf4103800d4a1895"
dependencies = [
 "proc-macro2",
 "quote",
 "syn",
]

[[package]]
name = "pin-project-lite"
version = "0.1.11"
source = "registry+https://github.com/rust-lang/crates.io-index"
checksum = "c917123afa01924fc84bb20c4c03f004d9c38e5127e3c039bbf7f4b9c76a2f6b"

[[package]]
name = "pin-project-lite"
version = "0.2.4"
source = "registry+https://github.com/rust-lang/crates.io-index"
checksum = "439697af366c49a6d0a010c56a0d97685bc140ce0d377b13a2ea2aa42d64a827"

[[package]]
name = "pin-utils"
version = "0.1.0"
source = "registry+https://github.com/rust-lang/crates.io-index"
checksum = "8b870d8c151b6f2fb93e84a13146138f05d02ed11c7e7c54f8826aaaf7c9f184"

[[package]]
name = "proc-macro-hack"
version = "0.5.19"
source = "registry+https://github.com/rust-lang/crates.io-index"
checksum = "dbf0c48bc1d91375ae5c3cd81e3722dff1abcf81a30960240640d223f59fe0e5"

[[package]]
name = "proc-macro-nested"
version = "0.1.7"
source = "registry+https://github.com/rust-lang/crates.io-index"
checksum = "bc881b2c22681370c6a780e47af9840ef841837bc98118431d4e1868bd0c1086"

[[package]]
name = "proc-macro2"
version = "1.0.24"
source = "registry+https://github.com/rust-lang/crates.io-index"
checksum = "1e0704ee1a7e00d7bb417d0770ea303c1bccbabf0ef1667dae92b5967f5f8a71"
dependencies = [
 "unicode-xid",
]

[[package]]
name = "quote"
version = "1.0.8"
source = "registry+https://github.com/rust-lang/crates.io-index"
checksum = "991431c3519a3f36861882da93630ce66b52918dcf1b8e2fd66b397fc96f28df"
dependencies = [
 "proc-macro2",
]

[[package]]
name = "redox_syscall"
version = "0.2.4"
source = "registry+https://github.com/rust-lang/crates.io-index"
checksum = "05ec8ca9416c5ea37062b502703cd7fcb207736bc294f6e0cf367ac6fc234570"
dependencies = [
 "bitflags",
]

[[package]]
name = "redox_users"
version = "0.4.0"
source = "registry+https://github.com/rust-lang/crates.io-index"
checksum = "528532f3d801c87aec9def2add9ca802fe569e44a544afe633765267840abe64"
dependencies = [
 "getrandom",
 "redox_syscall",
]

[[package]]
name = "rmp"
version = "0.8.9"
source = "registry+https://github.com/rust-lang/crates.io-index"
checksum = "0f10b46df14cf1ee1ac7baa4d2fbc2c52c0622a4b82fa8740e37bc452ac0184f"
dependencies = [
 "byteorder",
 "num-traits",
]

[[package]]
name = "rmpv"
version = "0.4.6"
source = "registry+https://github.com/rust-lang/crates.io-index"
checksum = "601e306fb529fadf3faa482684fba756e1b93897864ef2ab2080b12775c04235"
dependencies = [
 "num-traits",
 "rmp",
]

[[package]]
name = "rofl_nvim"
version = "0.1.0"
dependencies = [
 "anyhow",
 "async-trait",
 "dirs-next",
 "dyn-clone",
 "futures 0.3.12",
 "futures-util",
 "fuzzy-matcher",
 "log",
 "nvim-rs",
 "simplelog",
 "tokio",
]

[[package]]
name = "signal-hook-registry"
version = "1.3.0"
source = "registry+https://github.com/rust-lang/crates.io-index"
checksum = "16f1d0fef1604ba8f7a073c7e701f213e056707210e9020af4528e0101ce11a6"
dependencies = [
 "libc",
]

[[package]]
name = "simplelog"
version = "0.9.0"
source = "registry+https://github.com/rust-lang/crates.io-index"
checksum = "4bc0ffd69814a9b251d43afcabf96dad1b29f5028378056257be9e3fecc9f720"
dependencies = [
 "chrono",
 "log",
 "termcolor",
]

[[package]]
name = "slab"
version = "0.4.2"
source = "registry+https://github.com/rust-lang/crates.io-index"
checksum = "c111b5bd5695e56cffe5129854aa230b39c93a305372fdbb2668ca2394eea9f8"

[[package]]
name = "socket2"
version = "0.3.19"
source = "registry+https://github.com/rust-lang/crates.io-index"
checksum = "122e570113d28d773067fab24266b66753f6ea915758651696b6e35e49f88d6e"
dependencies = [
 "cfg-if 1.0.0",
 "libc",
 "winapi 0.3.9",
]

[[package]]
name = "syn"
version = "1.0.60"
source = "registry+https://github.com/rust-lang/crates.io-index"
checksum = "c700597eca8a5a762beb35753ef6b94df201c81cca676604f547495a0d7f0081"
dependencies = [
 "proc-macro2",
 "quote",
 "unicode-xid",
]

[[package]]
name = "termcolor"
version = "1.1.2"
source = "registry+https://github.com/rust-lang/crates.io-index"
checksum = "2dfed899f0eb03f32ee8c6a0aabdb8a7949659e3466561fc0adf54e26d88c5f4"
dependencies = [
 "winapi-util",
]

[[package]]
name = "thread_local"
version = "1.1.2"
source = "registry+https://github.com/rust-lang/crates.io-index"
checksum = "d8208a331e1cb318dd5bd76951d2b8fc48ca38a69f5f4e4af1b6a9f8c6236915"
dependencies = [
 "once_cell",
]

[[package]]
name = "time"
version = "0.1.44"
source = "registry+https://github.com/rust-lang/crates.io-index"
checksum = "6db9e6914ab8b1ae1c260a4ae7a49b6c5611b40328a735b21862567685e73255"
dependencies = [
 "libc",
 "wasi",
 "winapi 0.3.9",
]

[[package]]
name = "tokio"
version = "0.2.25"
source = "registry+https://github.com/rust-lang/crates.io-index"
checksum = "6703a273949a90131b290be1fe7b039d0fc884aa1935860dfcbe056f28cd8092"
dependencies = [
 "bytes 0.5.6",
 "fnv",
 "futures-core",
 "iovec",
 "lazy_static",
 "libc",
 "memchr",
 "mio",
 "mio-named-pipes",
 "mio-uds",
 "num_cpus",
 "pin-project-lite 0.1.11",
 "signal-hook-registry",
 "slab",
 "tokio-macros",
 "winapi 0.3.9",
]

[[package]]
name = "tokio-io"
version = "0.1.13"
source = "registry+https://github.com/rust-lang/crates.io-index"
checksum = "57fc868aae093479e3131e3d165c93b1c7474109d13c90ec0dda2a1bbfff0674"
dependencies = [
 "bytes 0.4.12",
 "futures 0.1.30",
 "log",
]

[[package]]
name = "tokio-macros"
version = "0.2.6"
source = "registry+https://github.com/rust-lang/crates.io-index"
checksum = "e44da00bfc73a25f814cd8d7e57a68a5c31b74b3152a0a1d1f590c97ed06265a"
dependencies = [
 "proc-macro2",
 "quote",
 "syn",
]

[[package]]
name = "unicode-xid"
version = "0.2.1"
source = "registry+https://github.com/rust-lang/crates.io-index"
checksum = "f7fe0bb3479651439c9112f72b6c505038574c9fbb575ed1bf3b797fa39dd564"

[[package]]
name = "wasi"
version = "0.10.0+wasi-snapshot-preview1"
source = "registry+https://github.com/rust-lang/crates.io-index"
checksum = "1a143597ca7c7793eff794def352d41792a93c481eb1042423ff7ff72ba2c31f"

[[package]]
name = "winapi"
version = "0.2.8"
source = "registry+https://github.com/rust-lang/crates.io-index"
checksum = "167dc9d6949a9b857f3451275e911c3f44255842c1f7a76f33c55103a909087a"

[[package]]
name = "winapi"
version = "0.3.9"
source = "registry+https://github.com/rust-lang/crates.io-index"
checksum = "5c839a674fcd7a98952e593242ea400abe93992746761e38641405d28b00f419"
dependencies = [
 "winapi-i686-pc-windows-gnu",
 "winapi-x86_64-pc-windows-gnu",
]

[[package]]
name = "winapi-build"
version = "0.1.1"
source = "registry+https://github.com/rust-lang/crates.io-index"
checksum = "2d315eee3b34aca4797b2da6b13ed88266e6d612562a0c46390af8299fc699bc"

[[package]]
name = "winapi-i686-pc-windows-gnu"
version = "0.4.0"
source = "registry+https://github.com/rust-lang/crates.io-index"
checksum = "ac3b87c63620426dd9b991e5ce0329eff545bccbbb34f3be09ff6fb6ab51b7b6"

[[package]]
name = "winapi-util"
version = "0.1.5"
source = "registry+https://github.com/rust-lang/crates.io-index"
checksum = "70ec6ce85bb158151cae5e5c87f95a8e97d2c0c4b001223f33a334e3ce5de178"
dependencies = [
 "winapi 0.3.9",
]

[[package]]
name = "winapi-x86_64-pc-windows-gnu"
version = "0.4.0"
source = "registry+https://github.com/rust-lang/crates.io-index"
checksum = "712e227841d057c1ee1cd2fb22fa7e5a5461ae8e48fa2ca79ec42cfc1931183f"

[[package]]
name = "ws2_32-sys"
version = "0.2.1"
source = "registry+https://github.com/rust-lang/crates.io-index"
checksum = "d59cefebd0c892fa2dd6de581e937301d8552cb44489cdff035c6187cb63fa5e"
dependencies = [
 "winapi 0.2.8",
 "winapi-build",
]
